
Microsoft Visual Studio Solution File, Format Version 12.00
# Visual Studio 15
VisualStudioVersion = 15.0.28307.572
MinimumVisualStudioVersion = 10.0.40219.1
Project("{FAE04EC0-301F-11D3-BF4B-00C04F79EFBC}") = "TestFileStream", "TestFileStream\TestFileStream.csproj", "{0999A1F5-0AAA-467E-BB5C-35A07DE51611}"
EndProject
Global
	GlobalSection(SolutionConfigurationPlatforms) = preSolution
		Debug|Any CPU = Debug|Any CPU
		Release|Any CPU = Release|Any CPU
	EndGlobalSection
	GlobalSection(ProjectConfigurationPlatforms) = postSolution
		{0999A1F5-0AAA-467E-BB5C-35A07DE51611}.Debug|Any CPU.ActiveCfg = Debug|Any CPU
		{0999A1F5-0AAA-467E-BB5C-35A07DE51611}.Debug|Any CPU.Build.0 = Debug|Any CPU
		{0999A1F5-0AAA-467E-BB5C-35A07DE51611}.Release|Any CPU.ActiveCfg = Release|Any CPU
		{0999A1F5-0AAA-467E-BB5C-35A07DE51611}.Release|Any CPU.Build.0 = Release|Any CPU
	EndGlobalSection
	GlobalSection(SolutionProperties) = preSolution
		HideSolutionNode = FALSE
	EndGlobalSection
	GlobalSection(ExtensibilityGlobals) = postSolution
		SolutionGuid = {C8A09C76-21E6-4937-ABE1-4E6D17B910EC}
	EndGlobalSection
EndGlobal
